
Microsoft Visual Studio Solution File, Format Version 12.00
# Visual Studio Version 17
VisualStudioVersion = 17.0.31919.166
MinimumVisualStudioVersion = 10.0.40219.1
Project("{9A19103F-16F7-4668-BE54-9A1E7A4F7556}") = "TRAINING", "TRAINING\TRAINING.csproj", "{273CE0DD-805A-41C2-AD29-52E237297541}"
EndProject
Project("{FAE04EC0-301F-11D3-BF4B-00C04F79EFBC}") = "workout", "workout\workout.csproj", "{2A7ADC5D-24EA-45DE-B084-FB1A1EC7C9CC}"
EndProject
Global
	GlobalSection(SolutionConfigurationPlatforms) = preSolution
		Debug|Any CPU = Debug|Any CPU
		Release|Any CPU = Release|Any CPU
	EndGlobalSection
	GlobalSection(ProjectConfigurationPlatforms) = postSolution
		{273CE0DD-805A-41C2-AD29-52E237297541}.Debug|Any CPU.ActiveCfg = Debug|Any CPU
		{273CE0DD-805A-41C2-AD29-52E237297541}.Debug|Any CPU.Build.0 = Debug|Any CPU
		{273CE0DD-805A-41C2-AD29-52E237297541}.Release|Any CPU.ActiveCfg = Release|Any CPU
		{273CE0DD-805A-41C2-AD29-52E237297541}.Release|Any CPU.Build.0 = Release|Any CPU
		{2A7ADC5D-24EA-45DE-B084-FB1A1EC7C9CC}.Debug|Any CPU.ActiveCfg = Debug|Any CPU
		{2A7ADC5D-24EA-45DE-B084-FB1A1EC7C9CC}.Debug|Any CPU.Build.0 = Debug|Any CPU
		{2A7ADC5D-24EA-45DE-B084-FB1A1EC7C9CC}.Release|Any CPU.ActiveCfg = Release|Any CPU
		{2A7ADC5D-24EA-45DE-B084-FB1A1EC7C9CC}.Release|Any CPU.Build.0 = Release|Any CPU
	EndGlobalSection
	GlobalSection(SolutionProperties) = preSolution
		HideSolutionNode = FALSE
	EndGlobalSection
	GlobalSection(ExtensibilityGlobals) = postSolution
		SolutionGuid = {DD8D1196-C765-4F05-B3DF-DC1C7300615F}
	EndGlobalSection
EndGlobal
